
Microsoft Visual Studio Solution File, Format Version 12.00
# Visual Studio Version 16
VisualStudioVersion = 16.0.31515.178
MinimumVisualStudioVersion = 10.0.40219.1
Project("{9A19103F-16F7-4668-BE54-9A1E7A4F7556}") = "FlyAnytime.Telegram", "FlyAnytime.Telegram\FlyAnytime.Telegram.csproj", "{E566776D-8365-4C69-987E-DFE09B026CD5}"
EndProject
Project("{9A19103F-16F7-4668-BE54-9A1E7A4F7556}") = "FlyAnytime.SearchSettings", "FlyAnytime.SearchSettings\FlyAnytime.SearchSettings.csproj", "{4AAD747D-36B2-4E95-B3E6-3010DB5A3501}"
EndProject
Project("{9A19103F-16F7-4668-BE54-9A1E7A4F7556}") = "FlyAnytime.Login", "FlyAnytime.Login\FlyAnytime.Login.csproj", "{E93120F9-C251-48C2-AA2B-691D6F737C68}"
EndProject
Project("{9A19103F-16F7-4668-BE54-9A1E7A4F7556}") = "FlyAnytime.Subscription", "FlyAnytime.Subscription\FlyAnytime.Subscription.csproj", "{7EC191C3-A07F-4950-A056-74644A302CC4}"
EndProject
Project("{9A19103F-16F7-4668-BE54-9A1E7A4F7556}") = "FlyAnytime.Tools", "FlyAnytime.Tools\FlyAnytime.Tools.csproj", "{91C53673-1F4A-4FB7-9C9A-1FF84D62B92D}"
EndProject
Project("{9A19103F-16F7-4668-BE54-9A1E7A4F7556}") = "FlyAnytime.Messaging", "FlyAnytime.Messaging\FlyAnytime.Messaging.csproj", "{17438046-71C0-4E4E-ACAD-A25986A1BB9E}"
EndProject
Project("{9A19103F-16F7-4668-BE54-9A1E7A4F7556}") = "FlyAnytime.Core", "FlyAnytime.Core\FlyAnytime.Core.csproj", "{9E5987E2-218C-458C-9D70-CC5CAB25260F}"
EndProject
Project("{9A19103F-16F7-4668-BE54-9A1E7A4F7556}") = "FlyAnytime.ApiGateway", "FlyAnytime.ApiGateway\FlyAnytime.ApiGateway.csproj", "{708AC61E-C455-4181-A7F3-336DF023F30D}"
EndProject
Project("{9A19103F-16F7-4668-BE54-9A1E7A4F7556}") = "FlyAnytime.Core.Web", "FlyAnytime.Core.Web\FlyAnytime.Core.Web.csproj", "{FA29803C-C6B2-400F-ADFA-E59C79B277CB}"
EndProject
Project("{2150E333-8FDC-42A3-9474-1A3956D46DE8}") = "Tests", "Tests", "{7719C7F4-D3EE-4BC5-BAB6-06B3D9A1411F}"
EndProject
Project("{9A19103F-16F7-4668-BE54-9A1E7A4F7556}") = "FlyAnytime.SearchSettings.Test", "Tests\FlyAnytime.SearchSettings.Test\FlyAnytime.SearchSettings.Test.csproj", "{9EEBB7F4-8834-41F5-A3C5-72DAA722B99C}"
EndProject
Project("{9A19103F-16F7-4668-BE54-9A1E7A4F7556}") = "IntegrationTests", "IntegrationTests\IntegrationTests.csproj", "{0D4820F9-D4E7-4106-B492-5E8297C6E561}"
EndProject
Project("{FAE04EC0-301F-11D3-BF4B-00C04F79EFBC}") = "FlyAnytime.Scheduler", "FlyAnytime.Scheduller\FlyAnytime.Scheduler.csproj", "{7E18515D-E4A5-470E-979D-921570922A9C}"
EndProject
Global
	GlobalSection(SolutionConfigurationPlatforms) = preSolution
		Debug|Any CPU = Debug|Any CPU
		Release|Any CPU = Release|Any CPU
	EndGlobalSection
	GlobalSection(ProjectConfigurationPlatforms) = postSolution
		{E566776D-8365-4C69-987E-DFE09B026CD5}.Debug|Any CPU.ActiveCfg = Debug|Any CPU
		{E566776D-8365-4C69-987E-DFE09B026CD5}.Debug|Any CPU.Build.0 = Debug|Any CPU
		{E566776D-8365-4C69-987E-DFE09B026CD5}.Release|Any CPU.ActiveCfg = Release|Any CPU
		{E566776D-8365-4C69-987E-DFE09B026CD5}.Release|Any CPU.Build.0 = Release|Any CPU
		{4AAD747D-36B2-4E95-B3E6-3010DB5A3501}.Debug|Any CPU.ActiveCfg = Debug|Any CPU
		{4AAD747D-36B2-4E95-B3E6-3010DB5A3501}.Debug|Any CPU.Build.0 = Debug|Any CPU
		{4AAD747D-36B2-4E95-B3E6-3010DB5A3501}.Release|Any CPU.ActiveCfg = Release|Any CPU
		{4AAD747D-36B2-4E95-B3E6-3010DB5A3501}.Release|Any CPU.Build.0 = Release|Any CPU
		{E93120F9-C251-48C2-AA2B-691D6F737C68}.Debug|Any CPU.ActiveCfg = Debug|Any CPU
		{E93120F9-C251-48C2-AA2B-691D6F737C68}.Debug|Any CPU.Build.0 = Debug|Any CPU
		{E93120F9-C251-48C2-AA2B-691D6F737C68}.Release|Any CPU.ActiveCfg = Release|Any CPU
		{E93120F9-C251-48C2-AA2B-691D6F737C68}.Release|Any CPU.Build.0 = Release|Any CPU
		{7EC191C3-A07F-4950-A056-74644A302CC4}.Debug|Any CPU.ActiveCfg = Debug|Any CPU
		{7EC191C3-A07F-4950-A056-74644A302CC4}.Debug|Any CPU.Build.0 = Debug|Any CPU
		{7EC191C3-A07F-4950-A056-74644A302CC4}.Release|Any CPU.ActiveCfg = Release|Any CPU
		{7EC191C3-A07F-4950-A056-74644A302CC4}.Release|Any CPU.Build.0 = Release|Any CPU
		{91C53673-1F4A-4FB7-9C9A-1FF84D62B92D}.Debug|Any CPU.ActiveCfg = Debug|Any CPU
		{91C53673-1F4A-4FB7-9C9A-1FF84D62B92D}.Debug|Any CPU.Build.0 = Debug|Any CPU
		{91C53673-1F4A-4FB7-9C9A-1FF84D62B92D}.Release|Any CPU.ActiveCfg = Release|Any CPU
		{91C53673-1F4A-4FB7-9C9A-1FF84D62B92D}.Release|Any CPU.Build.0 = Release|Any CPU
		{17438046-71C0-4E4E-ACAD-A25986A1BB9E}.Debug|Any CPU.ActiveCfg = Debug|Any CPU
		{17438046-71C0-4E4E-ACAD-A25986A1BB9E}.Debug|Any CPU.Build.0 = Debug|Any CPU
		{17438046-71C0-4E4E-ACAD-A25986A1BB9E}.Release|Any CPU.ActiveCfg = Release|Any CPU
		{17438046-71C0-4E4E-ACAD-A25986A1BB9E}.Release|Any CPU.Build.0 = Release|Any CPU
		{9E5987E2-218C-458C-9D70-CC5CAB25260F}.Debug|Any CPU.ActiveCfg = Debug|Any CPU
		{9E5987E2-218C-458C-9D70-CC5CAB25260F}.Debug|Any CPU.Build.0 = Debug|Any CPU
		{9E5987E2-218C-458C-9D70-CC5CAB25260F}.Release|Any CPU.ActiveCfg = Release|Any CPU
		{9E5987E2-218C-458C-9D70-CC5CAB25260F}.Release|Any CPU.Build.0 = Release|Any CPU
		{708AC61E-C455-4181-A7F3-336DF023F30D}.Debug|Any CPU.ActiveCfg = Debug|Any CPU
		{708AC61E-C455-4181-A7F3-336DF023F30D}.Debug|Any CPU.Build.0 = Debug|Any CPU
		{708AC61E-C455-4181-A7F3-336DF023F30D}.Release|Any CPU.ActiveCfg = Release|Any CPU
		{708AC61E-C455-4181-A7F3-336DF023F30D}.Release|Any CPU.Build.0 = Release|Any CPU
		{FA29803C-C6B2-400F-ADFA-E59C79B277CB}.Debug|Any CPU.ActiveCfg = Debug|Any CPU
		{FA29803C-C6B2-400F-ADFA-E59C79B277CB}.Debug|Any CPU.Build.0 = Debug|Any CPU
		{FA29803C-C6B2-400F-ADFA-E59C79B277CB}.Release|Any CPU.ActiveCfg = Release|Any CPU
		{FA29803C-C6B2-400F-ADFA-E59C79B277CB}.Release|Any CPU.Build.0 = Release|Any CPU
		{9EEBB7F4-8834-41F5-A3C5-72DAA722B99C}.Debug|Any CPU.ActiveCfg = Debug|Any CPU
		{9EEBB7F4-8834-41F5-A3C5-72DAA722B99C}.Debug|Any CPU.Build.0 = Debug|Any CPU
		{9EEBB7F4-8834-41F5-A3C5-72DAA722B99C}.Release|Any CPU.ActiveCfg = Release|Any CPU
		{9EEBB7F4-8834-41F5-A3C5-72DAA722B99C}.Release|Any CPU.Build.0 = Release|Any CPU
		{0D4820F9-D4E7-4106-B492-5E8297C6E561}.Debug|Any CPU.ActiveCfg = Debug|Any CPU
		{0D4820F9-D4E7-4106-B492-5E8297C6E561}.Debug|Any CPU.Build.0 = Debug|Any CPU
		{0D4820F9-D4E7-4106-B492-5E8297C6E561}.Release|Any CPU.ActiveCfg = Release|Any CPU
		{0D4820F9-D4E7-4106-B492-5E8297C6E561}.Release|Any CPU.Build.0 = Release|Any CPU
		{7E18515D-E4A5-470E-979D-921570922A9C}.Debug|Any CPU.ActiveCfg = Debug|Any CPU
		{7E18515D-E4A5-470E-979D-921570922A9C}.Debug|Any CPU.Build.0 = Debug|Any CPU
		{7E18515D-E4A5-470E-979D-921570922A9C}.Release|Any CPU.ActiveCfg = Release|Any CPU
		{7E18515D-E4A5-470E-979D-921570922A9C}.Release|Any CPU.Build.0 = Release|Any CPU
	EndGlobalSection
	GlobalSection(SolutionProperties) = preSolution
		HideSolutionNode = FALSE
	EndGlobalSection
	GlobalSection(NestedProjects) = preSolution
		{9EEBB7F4-8834-41F5-A3C5-72DAA722B99C} = {7719C7F4-D3EE-4BC5-BAB6-06B3D9A1411F}
		{0D4820F9-D4E7-4106-B492-5E8297C6E561} = {7719C7F4-D3EE-4BC5-BAB6-06B3D9A1411F}
	EndGlobalSection
	GlobalSection(ExtensibilityGlobals) = postSolution
		SolutionGuid = {B4C229F0-0C53-4C73-988C-EF05AAF2B776}
	EndGlobalSection
EndGlobal
